
Microsoft Visual Studio Solution File, Format Version 12.00
# Visual Studio Version 16
VisualStudioVersion = 16.0.30002.166
MinimumVisualStudioVersion = 10.0.40219.1
Project("{8BC9CEB8-8B4A-11D0-8D11-00A0C91BC942}") = "OhDeerEngine", "OhDeerEngine\OhDeerEngine.vcxproj", "{90C0BB71-CB3E-4D5E-B00C-6DF4368A3B93}"
EndProject
Project("{8BC9CEB8-8B4A-11D0-8D11-00A0C91BC942}") = "Game", "Game\Game.vcxproj", "{C2F46933-1EB8-4218-980B-9FAB7A1D7960}"
EndProject
Global
	GlobalSection(SolutionConfigurationPlatforms) = preSolution
		Debug|x64 = Debug|x64
		Debug|x86 = Debug|x86
		Release|x64 = Release|x64
		Release|x86 = Release|x86
	EndGlobalSection
	GlobalSection(ProjectConfigurationPlatforms) = postSolution
		{90C0BB71-CB3E-4D5E-B00C-6DF4368A3B93}.Debug|x64.ActiveCfg = Debug|x64
		{90C0BB71-CB3E-4D5E-B00C-6DF4368A3B93}.Debug|x64.Build.0 = Debug|x64
		{90C0BB71-CB3E-4D5E-B00C-6DF4368A3B93}.Debug|x86.ActiveCfg = Debug|Win32
		{90C0BB71-CB3E-4D5E-B00C-6DF4368A3B93}.Debug|x86.Build.0 = Debug|Win32
		{90C0BB71-CB3E-4D5E-B00C-6DF4368A3B93}.Release|x64.ActiveCfg = Release|x64
		{90C0BB71-CB3E-4D5E-B00C-6DF4368A3B93}.Release|x64.Build.0 = Release|x64
		{90C0BB71-CB3E-4D5E-B00C-6DF4368A3B93}.Release|x86.ActiveCfg = Release|Win32
		{90C0BB71-CB3E-4D5E-B00C-6DF4368A3B93}.Release|x86.Build.0 = Release|Win32
		{C2F46933-1EB8-4218-980B-9FAB7A1D7960}.Debug|x64.ActiveCfg = Debug|x64
		{C2F46933-1EB8-4218-980B-9FAB7A1D7960}.Debug|x64.Build.0 = Debug|x64
		{C2F46933-1EB8-4218-980B-9FAB7A1D7960}.Debug|x86.ActiveCfg = Debug|Win32
		{C2F46933-1EB8-4218-980B-9FAB7A1D7960}.Debug|x86.Build.0 = Debug|Win32
		{C2F46933-1EB8-4218-980B-9FAB7A1D7960}.Release|x64.ActiveCfg = Release|x64
		{C2F46933-1EB8-4218-980B-9FAB7A1D7960}.Release|x64.Build.0 = Release|x64
		{C2F46933-1EB8-4218-980B-9FAB7A1D7960}.Release|x86.ActiveCfg = Release|Win32
		{C2F46933-1EB8-4218-980B-9FAB7A1D7960}.Release|x86.Build.0 = Release|Win32
	EndGlobalSection
	GlobalSection(SolutionProperties) = preSolution
		HideSolutionNode = FALSE
	EndGlobalSection
	GlobalSection(ExtensibilityGlobals) = postSolution
		SolutionGuid = {CF9B7A62-49D5-43F9-9803-58B54ECDCF1B}
	EndGlobalSection
EndGlobal
