<?xml version="1.0" encoding="utf-8"?>
<Project ToolsVersion="4.0" xmlns="http://schemas.microsoft.com/developer/msbuild/2003">
  <ItemGroup>
    <ClCompile Include="DiggerGame.cpp" />
    <ClCompile Include="MainGame.cpp" />
    <ClCompile Include="InputComponent.cpp">
      <Filter>GameComponents</Filter>
    </ClCompile>
    <ClCompile Include="EnemyComponent.cpp">
      <Filter>GameComponents</Filter>
    </ClCompile>
    <ClCompile Include="PickupComponent.cpp">
      <Filter>GameComponents</Filter>
    </ClCompile>
    <ClCompile Include="EnemyStartComponent.cpp">
      <Filter>GameComponents</Filter>
    </ClCompile>
    <ClCompile Include="PlayerComponent.cpp">
      <Filter>GameComponents</Filter>
    </ClCompile>
    <ClCompile Include="HealthObserver.cpp">
      <Filter>observers</Filter>
    </ClCompile>
    <ClCompile Include="ScoreObserver.cpp">
      <Filter>observers</Filter>
    </ClCompile>
  </ItemGroup>
  <ItemGroup>
    <ClInclude Include="MainGame.h" />
    <ClInclude Include="Factory.h">
      <Filter>headerFiles</Filter>
    </ClInclude>
    <ClInclude Include="HighscoreParser.h">
      <Filter>Parsers</Filter>
    </ClInclude>
    <ClInclude Include="InputComponent.h">
      <Filter>GameComponents</Filter>
    </ClInclude>
    <ClInclude Include="EnemyComponent.h">
      <Filter>GameComponents</Filter>
    </ClInclude>
    <ClInclude Include="PickupComponent.h">
      <Filter>GameComponents</Filter>
    </ClInclude>
    <ClInclude Include="EnemyStartComponent.h">
      <Filter>GameComponents</Filter>
    </ClInclude>
    <ClInclude Include="PlayerComponent.h">
      <Filter>GameComponents</Filter>
    </ClInclude>
    <ClInclude Include="HealthObserver.h">
      <Filter>observers</Filter>
    </ClInclude>
    <ClInclude Include="ScoreObserver.h">
      <Filter>observers</Filter>
    </ClInclude>
    <ClInclude Include="LevelParser.h">
      <Filter>Parsers</Filter>
    </ClInclude>
    <ClInclude Include="CommandsOverrides.h">
      <Filter>headerFiles</Filter>
    </ClInclude>
    <ClInclude Include="FireBallComponent.h">
      <Filter>GameComponents</Filter>
    </ClInclude>
  </ItemGroup>
  <ItemGroup>
    <Filter Include="GameComponents">
      <UniqueIdentifier>{22a8f53e-3b3d-43f5-b2fb-787aa376a124}</UniqueIdentifier>
    </Filter>
    <Filter Include="Parsers">
      <UniqueIdentifier>{259f9ab1-e182-4c4a-ab07-24d0cef9edda}</UniqueIdentifier>
    </Filter>
    <Filter Include="headerFiles">
      <UniqueIdentifier>{0a055615-aded-4b9e-abdb-6244a629a48e}</UniqueIdentifier>
    </Filter>
    <Filter Include="observers">
      <UniqueIdentifier>{8ffcc5ca-7f66-4705-bc56-2719e4b26267}</UniqueIdentifier>
    </Filter>
  </ItemGroup>
</Project>